
Microsoft Visual Studio Solution File, Format Version 12.00
# Visual Studio Version 17
VisualStudioVersion = 17.0.31903.59
MinimumVisualStudioVersion = 10.0.40219.1
Project("{FAE04EC0-301F-11D3-BF4B-00C04F79EFBC}") = "KubernetesApiSample", "KubernetesApiSample\KubernetesApiSample.csproj", "{BFE713FF-5950-480C-804B-294877B70B57}"
EndProject
Global
	GlobalSection(SolutionConfigurationPlatforms) = preSolution
		Debug|Any CPU = Debug|Any CPU
		Release|Any CPU = Release|Any CPU
	EndGlobalSection
	GlobalSection(ProjectConfigurationPlatforms) = postSolution
		{BFE713FF-5950-480C-804B-294877B70B57}.Debug|Any CPU.ActiveCfg = Debug|Any CPU
		{BFE713FF-5950-480C-804B-294877B70B57}.Debug|Any CPU.Build.0 = Debug|Any CPU
		{BFE713FF-5950-480C-804B-294877B70B57}.Release|Any CPU.ActiveCfg = Release|Any CPU
		{BFE713FF-5950-480C-804B-294877B70B57}.Release|Any CPU.Build.0 = Release|Any CPU
	EndGlobalSection
	GlobalSection(SolutionProperties) = preSolution
		HideSolutionNode = FALSE
	EndGlobalSection
	GlobalSection(ExtensibilityGlobals) = postSolution
		SolutionGuid = {1AA48C96-3300-44D6-A9A7-72C1CAC4119F}
	EndGlobalSection
EndGlobal
